<?xml version="1.0" encoding="utf-8"?>
<Project ToolsVersion="4.0" xmlns="http://schemas.microsoft.com/developer/msbuild/2003">
  <ItemGroup>
    <Filter Include="Source Files">
      <UniqueIdentifier>{4FC737F1-C7A5-4376-A066-2A32D752A2FF}</UniqueIdentifier>
      <Extensions>cpp;c;cc;cxx;def;odl;idl;hpj;bat;asm;asmx</Extensions>
    </Filter>
    <Filter Include="Header Files">
      <UniqueIdentifier>{93995380-89BD-4b04-88EB-625FBE52EBFB}</UniqueIdentifier>
      <Extensions>h;hh;hpp;hxx;hm;inl;inc;xsd</Extensions>
    </Filter>
    <Filter Include="Resource Files">
      <UniqueIdentifier>{67DA6AB6-F800-4c08-8B7A-83BB121AAD01}</UniqueIdentifier>
      <Extensions>rc;ico;cur;bmp;dlg;rc2;rct;bin;rgs;gif;jpg;jpeg;jpe;resx;tiff;tif;png;wav;mfcribbon-ms</Extensions>
    </Filter>
    <Filter Include="Core">
      <UniqueIdentifier>{8ff18ccb-9428-44aa-b57c-049bc2fbfea2}</UniqueIdentifier>
    </Filter>
    <Filter Include="Renderer">
      <UniqueIdentifier>{982c0eb2-a76e-4b88-ba28-ac05df94654d}</UniqueIdentifier>
    </Filter>
    <Filter Include="Core\Window">
      <UniqueIdentifier>{130ed2c6-dac9-45c1-ac69-9016cf991f25}</UniqueIdentifier>
    </Filter>
    <Filter Include="Core\InputSystem">
      <UniqueIdentifier>{92fd64fc-ec7c-42a5-bcca-61a50a9e26d6}</UniqueIdentifier>
    </Filter>
    <Filter Include="Core\Interfaces">
      <UniqueIdentifier>{1d2bd486-54c6-4f22-9216-879f67098bc3}</UniqueIdentifier>
    </Filter>
    <Filter Include="Core\ThreadPool">
      <UniqueIdentifier>{77129444-b270-4f87-9be6-7750c2c4efa8}</UniqueIdentifier>
    </Filter>
    <Filter Include="Renderer\Base">
      <UniqueIdentifier>{db1ede71-b3cf-4873-94a1-7445f23c3e00}</UniqueIdentifier>
    </Filter>
    <Filter Include="Renderer\SwapChain">
      <UniqueIdentifier>{e5f3891f-2c8f-4b2c-b28c-0234bcb2d162}</UniqueIdentifier>
    </Filter>
    <Filter Include="Renderer\RenderTarget">
      <UniqueIdentifier>{5f1f7ed0-04a0-4efe-a0a2-59c55947e54d}</UniqueIdentifier>
    </Filter>
    <Filter Include="Renderer\CommandAllocator">
      <UniqueIdentifier>{fe56860f-6884-4a49-b3f6-19304645b69d}</UniqueIdentifier>
    </Filter>
    <Filter Include="Renderer\CommandList">
      <UniqueIdentifier>{8c87207f-74c9-47f3-98ab-4da4c41f9a08}</UniqueIdentifier>
    </Filter>
    <Filter Include="Renderer\CommandQueue">
      <UniqueIdentifier>{99e9aa92-de81-4567-90ef-7e5d5e651a43}</UniqueIdentifier>
    </Filter>
    <Filter Include="Renderer\DescriptorHeap">
      <UniqueIdentifier>{1693665d-bb9b-48af-935c-6dce2e34409e}</UniqueIdentifier>
    </Filter>
    <Filter Include="Renderer\PipelineState">
      <UniqueIdentifier>{c63cf6b3-67e7-497a-b200-3cfafeeadbaa}</UniqueIdentifier>
    </Filter>
    <Filter Include="Renderer\VertexBuffer">
      <UniqueIdentifier>{5175483d-dac8-4070-8fce-22fec7442f5c}</UniqueIdentifier>
    </Filter>
  </ItemGroup>
  <ItemGroup>
    <ClCompile Include="main.cpp">
      <Filter>Source Files</Filter>
    </ClCompile>
    <ClCompile Include="DX12Renderer.cpp">
      <Filter>Renderer</Filter>
    </ClCompile>
    <ClCompile Include="Win32Window.cpp">
      <Filter>Core\Window</Filter>
    </ClCompile>
    <ClCompile Include="InputSystem.cpp">
      <Filter>Core\InputSystem</Filter>
    </ClCompile>
    <ClCompile Include="App.cpp">
      <Filter>Source Files</Filter>
    </ClCompile>
    <ClCompile Include="DX12Base.cpp">
      <Filter>Renderer\Base</Filter>
    </ClCompile>
    <ClCompile Include="SwapChain.cpp">
      <Filter>Renderer\SwapChain</Filter>
    </ClCompile>
    <ClCompile Include="RenderTarget.cpp">
      <Filter>Renderer\RenderTarget</Filter>
    </ClCompile>
    <ClCompile Include="CommandAllocator.cpp">
      <Filter>Renderer\CommandAllocator</Filter>
    </ClCompile>
    <ClCompile Include="GraphicsCommandList.cpp">
      <Filter>Renderer\CommandList</Filter>
    </ClCompile>
    <ClCompile Include="CommandQueue.cpp">
      <Filter>Renderer\CommandQueue</Filter>
    </ClCompile>
    <ClCompile Include="DescriptorHeap.cpp">
      <Filter>Renderer\DescriptorHeap</Filter>
    </ClCompile>
    <ClCompile Include="PipelineState.cpp">
      <Filter>Renderer\PipelineState</Filter>
    </ClCompile>
    <ClCompile Include="VertexBuffer.cpp">
      <Filter>Source Files</Filter>
    </ClCompile>
  </ItemGroup>
  <ItemGroup>
    <ClInclude Include="DX12Renderer.h">
      <Filter>Renderer</Filter>
    </ClInclude>
    <ClInclude Include="Win32Window.h">
      <Filter>Core\Window</Filter>
    </ClInclude>
    <ClInclude Include="CoreHeader.h">
      <Filter>Core</Filter>
    </ClInclude>
    <ClInclude Include="InputSystem.h">
      <Filter>Core\InputSystem</Filter>
    </ClInclude>
    <ClInclude Include="ISystem.h">
      <Filter>Core\Interfaces</Filter>
    </ClInclude>
    <ClInclude Include="ThreadPool.h">
      <Filter>Core\ThreadPool</Filter>
    </ClInclude>
    <ClInclude Include="ThreadSafeQueue.h">
      <Filter>Core\ThreadPool</Filter>
    </ClInclude>
    <ClInclude Include="App.h">
      <Filter>Source Files</Filter>
    </ClInclude>
    <ClInclude Include="DxEnums.h">
      <Filter>Renderer</Filter>
    </ClInclude>
    <ClInclude Include="DX12Base.h">
      <Filter>Renderer\Base</Filter>
    </ClInclude>
    <ClInclude Include="SwapChain.h">
      <Filter>Renderer\SwapChain</Filter>
    </ClInclude>
    <ClInclude Include="RenderTarget.h">
      <Filter>Renderer\RenderTarget</Filter>
    </ClInclude>
    <ClInclude Include="CommandAllocator.h">
      <Filter>Renderer\CommandAllocator</Filter>
    </ClInclude>
    <ClInclude Include="GraphicsCommandList.h">
      <Filter>Renderer\CommandList</Filter>
    </ClInclude>
    <ClInclude Include="CommandQueue.h">
      <Filter>Renderer\CommandQueue</Filter>
    </ClInclude>
    <ClInclude Include="PipelineState.h">
      <Filter>Renderer\PipelineState</Filter>
    </ClInclude>
    <ClInclude Include="DescriptorHeap.h">
      <Filter>Renderer\DescriptorHeap</Filter>
    </ClInclude>
    <ClInclude Include="VertexBuffer.h">
      <Filter>Renderer\VertexBuffer</Filter>
    </ClInclude>
  </ItemGroup>
  <ItemGroup>
    <None Include="..\README.md" />
  </ItemGroup>
</Project>